symfony 311d691670f8471c3d15abe5fd6b1279e0e4f7de
twig 661e9c7ad2820e881c93474f2fbcbe2661fd1970
monolog fe0b8b59ed65565931dc8db78ac628ef1cb65f7d
doctrine-common c614a20e02cb8fd5531bce1adcb34a1210f79ac6
doctrine-dbal 26fda1b2503d622eacd7e2a01a127d163b552950
doctrine 180dbbad8b3c8724da99a12ffc53a28df0a50b36
swiftmailer c53c8c1ab88c78c463ba65086d93d00193957e94
assetic 6c9da1bb767f978d12de030a7059bb2ef03a95c4
twig-extensions 6b0cc16934b6e62ef07c8d2e59f9f13ff3193d3d
metadata 72f11b8ed7725f76a6bcb41d94dc25190b5283f8
SensioFrameworkExtraBundle bced40d4d123f5171f888d6e56bb638b8c2a5e57
JMSSecurityExtraBundle 936892c9735f76037393639f1410773715bf403c
SensioDistributionBundle 14d669f9cb785ba9973fb883c109aa98306a6935
SensioGeneratorBundle 17cb09d5758f76ce18b5d7be6c2b714d7144d853
AsseticBundle 9c1b7269a4517d1ae94af2dc0d6d6fc4b31e6c10